
Microsoft Visual Studio Solution File, Format Version 12.00
# Visual Studio Version 17
VisualStudioVersion = 17.11.35327.3
MinimumVisualStudioVersion = 10.0.40219.1
Project("{FAE04EC0-301F-11D3-BF4B-00C04F79EFBC}") = "StockWizard", "StockWizard.csproj", "{3C0ABB69-700B-4556-9127-2F67C76C819C}"
EndProject
Global
	GlobalSection(SolutionConfigurationPlatforms) = preSolution
		Debug|Any CPU = Debug|Any CPU
		Release|Any CPU = Release|Any CPU
	EndGlobalSection
	GlobalSection(ProjectConfigurationPlatforms) = postSolution
		{3C0ABB69-700B-4556-9127-2F67C76C819C}.Debug|Any CPU.ActiveCfg = Debug|Any CPU
		{3C0ABB69-700B-4556-9127-2F67C76C819C}.Debug|Any CPU.Build.0 = Debug|Any CPU
		{3C0ABB69-700B-4556-9127-2F67C76C819C}.Release|Any CPU.ActiveCfg = Release|Any CPU
		{3C0ABB69-700B-4556-9127-2F67C76C819C}.Release|Any CPU.Build.0 = Release|Any CPU
	EndGlobalSection
	GlobalSection(SolutionProperties) = preSolution
		HideSolutionNode = FALSE
	EndGlobalSection
	GlobalSection(ExtensibilityGlobals) = postSolution
		SolutionGuid = {94B20117-10D9-4B50-95FA-2EF060962CE8}
	EndGlobalSection
EndGlobal
